// !$*UTF8*$!
{
	archiveVersion = 1;
	classes = {
	};
	objectVersion = 48;
	objects = {

/* Begin PBXBuildFile section */
		9AD6DCC920B7C8C000BFB1DE /* AppDelegate.swift in Sources */ = {isa = PBXBuildFile; fileRef = 9AD6DCC820B7C8C000BFB1DE /* AppDelegate.swift */; };
		9AD6DCCB20B7C8C000BFB1DE /* ViewController.swift in Sources */ = {isa = PBXBuildFile; fileRef = 9AD6DCCA20B7C8C000BFB1DE /* ViewController.swift */; };
		9AD6DCCE20B7C8C000BFB1DE /* Main.storyboard in Resources */ = {isa = PBXBuildFile; fileRef = 9AD6DCCC20B7C8C000BFB1DE /* Main.storyboard */; };
		9AD6DCD020B7C8C000BFB1DE /* Assets.xcassets in Resources */ = {isa = PBXBuildFile; fileRef = 9AD6DCCF20B7C8C000BFB1DE /* Assets.xcassets */; };
		9AD6DCD320B7C8C000BFB1DE /* LaunchScreen.storyboard in Resources */ = {isa = PBXBuildFile; fileRef = 9AD6DCD120B7C8C000BFB1DE /* LaunchScreen.storyboard */; };
/* End PBXBuildFile section */

/* Begin PBXFileReference section */
		9AD6DCC520B7C8C000BFB1DE /* CompxWidth.app */ = {isa = PBXFileReference; explicitFileType = wrapper.application; includeInIndex = 0; path = CompxWidth.app; sourceTree = BUILT_PRODUCTS_DIR; };
		9AD6DCC820B7C8C000BFB1DE /* AppDelegate.swift */ = {isa = PBXFileReference; lastKnownFileType = sourcecode.swift; path = AppDelegate.swift; sourceTree = "<group>"; };
		9AD6DCCA20B7C8C000BFB1DE /* ViewController.swift */ = {isa = PBXFileReference; lastKnownFileType = sourcecode.swift; path = ViewController.swift; sourceTree = "<group>"; };
		9AD6DCCD20B7C8C000BFB1DE /* Base */ = {isa = PBXFileReference; lastKnownFileType = file.storyboard; name = Base; path = Base.lproj/Main.storyboard; sourceTree = "<group>"; };
		9AD6DCCF20B7C8C000BFB1DE /* Assets.xcassets */ = {isa = PBXFileReference; lastKnownFileType = folder.assetcatalog; path = Assets.xcassets; sourceTree = "<group>"; };
		9AD6DCD220B7C8C000BFB1DE /* Base */ = {isa = PBXFileReference; lastKnownFileType = file.storyboard; name = Base; path = Base.lproj/LaunchScreen.storyboard; sourceTree = "<group>"; };
		9AD6DCD420B7C8C000BFB1DE /* Info.plist */ = {isa = PBXFileReference; lastKnownFileType = text.plist.xml; path = Info.plist; sourceTree = "<group>"; };
/* End PBXFileReference section */

/* Begin PBXFrameworksBuildPhase section */
		9AD6DCC220B7C8C000BFB1DE /* Frameworks */ = {
			isa = PBXFrameworksBuildPhase;
			buildActionMask = 2147483647;
			files = (
			);
			runOnlyForDeploymentPostprocessing = 0;
		};
/* End PBXFrameworksBuildPhase section */

/* Begin PBXGroup section */
		9AD6DCBC20B7C8C000BFB1DE = {
			isa = PBXGroup;
			children = (
				9AD6DCC720B7C8C000BFB1DE /* CompxWidth */,
				9AD6DCC620B7C8C000BFB1DE /* Products */,
			);
			sourceTree = "<group>";
		};
		9AD6DCC620B7C8C000BFB1DE /* Products */ = {
			isa = PBXGroup;
			children = (
				9AD6DCC520B7C8C000BFB1DE /* CompxWidth.app */,
			);
			name = Products;
			sourceTree = "<group>";
		};
		9AD6DCC720B7C8C000BFB1DE /* CompxWidth */ = {
			isa = PBXGroup;
			children = (
				9AD6DCC820B7C8C000BFB1DE /* AppDelegate.swift */,
				9AD6DCCA20B7C8C000BFB1DE /* ViewController.swift */,
				9AD6DCCC20B7C8C000BFB1DE /* Main.storyboard */,
				9AD6DCCF20B7C8C000BFB1DE /* Assets.xcassets */,
				9AD6DCD120B7C8C000BFB1DE /* LaunchScreen.storyboard */,
				9AD6DCD420B7C8C000BFB1DE /* Info.plist */,
			);
			path = CompxWidth;
			sourceTree = "<group>";
		};
/* End PBXGroup section */

/* Begin PBXNativeTarget section */
		9AD6DCC420B7C8C000BFB1DE /* CompxWidth */ = {
			isa = PBXNativeTarget;
			buildConfigurationList = 9AD6DCD720B7C8C000BFB1DE /* Build configuration list for PBXNativeTarget "CompxWidth" */;
			buildPhases = (
				9AD6DCC120B7C8C000BFB1DE /* Sources */,
				9AD6DCC220B7C8C000BFB1DE /* Frameworks */,
				9AD6DCC320B7C8C000BFB1DE /* Resources */,
			);
			buildRules = (
			);
			dependencies = (
			);
			name = CompxWidth;
			productName = CompxWidth;
			productReference = 9AD6DCC520B7C8C000BFB1DE /* CompxWidth.app */;
			productType = "com.apple.product-type.application";
		};
/* End PBXNativeTarget section */

/* Begin PBXProject section */
		9AD6DCBD20B7C8C000BFB1DE /* Project object */ = {
			isa = PBXProject;
			attributes = {
				LastSwiftUpdateCheck = 0910;
				LastUpgradeCheck = 0910;
				ORGANIZATIONNAME = "Hyelee Lee";
				TargetAttributes = {
					9AD6DCC420B7C8C000BFB1DE = {
						CreatedOnToolsVersion = 9.1;
						ProvisioningStyle = Automatic;
					};
				};
			};
			buildConfigurationList = 9AD6DCC020B7C8C000BFB1DE /* Build configuration list for PBXProject "CompxWidth" */;
			compatibilityVersion = "Xcode 8.0";
			developmentRegion = en;
			hasScannedForEncodings = 0;
			knownRegions = (
				en,
				Base,
			);
			mainGroup = 9AD6DCBC20B7C8C000BFB1DE;
			productRefGroup = 9AD6DCC620B7C8C000BFB1DE /* Products */;
			projectDirPath = "";
			projectRoot = "";
			targets = (
				9AD6DCC420B7C8C000BFB1DE /* CompxWidth */,
			);
		};
/* End PBXProject section */

/* Begin PBXResourcesBuildPhase section */
		9AD6DCC320B7C8C000BFB1DE /* Resources */ = {
			isa = PBXResourcesBuildPhase;
			buildActionMask = 2147483647;
			files = (
				9AD6DCD320B7C8C000BFB1DE /* LaunchScreen.storyboard in Resources */,
				9AD6DCD020B7C8C000BFB1DE /* Assets.xcassets in Resources */,
				9AD6DCCE20B7C8C000BFB1DE /* Main.storyboard in Resources */,
			);
			runOnlyForDeploymentPostprocessing = 0;
		};
/* End PBXResourcesBuildPhase section */

/* Begin PBXSourcesBuildPhase section */
		9AD6DCC120B7C8C000BFB1DE /* Sources */ = {
			isa = PBXSourcesBuildPhase;
			buildActionMask = 2147483647;
			files = (
				9AD6DCCB20B7C8C000BFB1DE /* ViewController.swift in Sources */,
				9AD6DCC920B7C8C000BFB1DE /* AppDelegate.swift in Sources */,
			);
			runOnlyForDeploymentPostprocessing = 0;
		};
/* End PBXSourcesBuildPhase section */

/* Begin PBXVariantGroup section */
		9AD6DCCC20B7C8C000BFB1DE /* Main.storyboard */ = {
			isa = PBXVariantGroup;
			children = (
				9AD6DCCD20B7C8C000BFB1DE /* Base */,
			);
			name = Main.storyboard;
			sourceTree = "<group>";
		};
		9AD6DCD120B7C8C000BFB1DE /* LaunchScreen.storyboard */ = {
			isa = PBXVariantGroup;
			children = (
				9AD6DCD220B7C8C000BFB1DE /* Base */,
			);
			name = LaunchScreen.storyboard;
			sourceTree = "<group>";
		};
/* End PBXVariantGroup section */

/* Begin XCBuildConfiguration section */
		9AD6DCD520B7C8C000BFB1DE /* Debug */ = {
			isa = XCBuildConfiguration;
			buildSettings = {
				ALWAYS_SEARCH_USER_PATHS = NO;
				CLANG_ANALYZER_NONNULL = YES;
				CLANG_ANALYZER_NUMBER_OBJECT_CONVERSION = YES_AGGRESSIVE;
				CLANG_CXX_LANGUAGE_STANDARD = "gnu++14";
				CLANG_CXX_LIBRARY = "libc++";
				CLANG_ENABLE_MODULES = YES;
				CLANG_ENABLE_OBJC_ARC = YES;
				CLANG_WARN_BLOCK_CAPTURE_AUTORELEASING = YES;
				CLANG_WARN_BOOL_CONVERSION = YES;
				CLANG_WARN_COMMA = YES;
				CLANG_WARN_CONSTANT_CONVERSION = YES;
				CLANG_WARN_DIRECT_OBJC_ISA_USAGE = YES_ERROR;
				CLANG_WARN_DOCUMENTATION_COMMENTS = YES;
				CLANG_WARN_EMPTY_BODY = YES;
				CLANG_WARN_ENUM_CONVERSION = YES;
				CLANG_WARN_INFINITE_RECURSION = YES;
				CLANG_WARN_INT_CONVERSION = YES;
				CLANG_WARN_NON_LITERAL_NULL_CONVERSION = YES;
				CLANG_WARN_OBJC_LITERAL_CONVERSION = YES;
				CLANG_WARN_OBJC_ROOT_CLASS = YES_ERROR;
				CLANG_WARN_RANGE_LOOP_ANALYSIS = YES;
				CLANG_WARN_STRICT_PROTOTYPES = YES;
				CLANG_WARN_SUSPICIOUS_MOVE = YES;
				CLANG_WARN_UNGUARDED_AVAILABILITY = YES_AGGRESSIVE;
				CLANG_WARN_UNREACHABLE_CODE = YES;
				CLANG_WARN__DUPLICATE_METHOD_MATCH = YES;
				CODE_SIGN_IDENTITY = "iPhone Developer";
				COPY_PHASE_STRIP = NO;
				DEBUG_INFORMATION_FORMAT = dwarf;
				ENABLE_STRICT_OBJC_MSGSEND = YES;
				ENABLE_TESTABILITY = YES;
				GCC_C_LANGUAGE_STANDARD = gnu11;
				GCC_DYNAMIC_NO_PIC = NO;
				GCC_NO_COMMON_BLOCKS = YES;
				GCC_OPTIMIZATION_LEVEL = 0;
				GCC_PREPROCESSOR_DEFINITIONS = (
					"DEBUG=1",
					"$(inherited)",
				);
				GCC_WARN_64_TO_32_BIT_CONVERSION = YES;
				GCC_WARN_ABOUT_RETURN_TYPE = YES_ERROR;
				GCC_WARN_UNDECLARED_SELECTOR = YES;
				GCC_WARN_UNINITIALIZED_AUTOS = YES_AGGRESSIVE;
				GCC_WARN_UNUSED_FUNCTION = YES;
				GCC_WARN_UNUSED_VARIABLE = YES;
				IPHONEOS_DEPLOYMENT_TARGET = 11.1;
				MTL_ENABLE_DEBUG_INFO = YES;
				ONLY_ACTIVE_ARCH = YES;
				SDKROOT = iphoneos;
				SWIFT_ACTIVE_COMPILATION_CONDITIONS = DEBUG;
				SWIFT_OPTIMIZATION_LEVEL = "-Onone";
			};
			name = Debug;
		};
		9AD6DCD620B7C8C000BFB1DE /* Release */ = {
			isa = XCBuildConfiguration;
			buildSettings = {
				ALWAYS_SEARCH_USER_PATHS = NO;
				CLANG_ANALYZER_NONNULL = YES;
				CLANG_ANALYZER_NUMBER_OBJECT_CONVERSION = YES_AGGRESSIVE;
				CLANG_CXX_LANGUAGE_STANDARD = "gnu++14";
				CLANG_CXX_LIBRARY = "libc++";
				CLANG_ENABLE_MODULES = YES;
				CLANG_ENABLE_OBJC_ARC = YES;
				CLANG_WARN_BLOCK_CAPTURE_AUTORELEASING = YES;
				CLANG_WARN_BOOL_CONVERSION = YES;
				CLANG_WARN_COMMA = YES;
				CLANG_WARN_CONSTANT_CONVERSION = YES;
				CLANG_WARN_DIRECT_OBJC_ISA_USAGE = YES_ERROR;
				CLANG_WARN_DOCUMENTATION_COMMENTS = YES;
				CLANG_WARN_EMPTY_BODY = YES;
				CLANG_WARN_ENUM_CONVERSION = YES;
				CLANG_WARN_INFINITE_RECURSION = YES;
				CLANG_WARN_INT_CONVERSION = YES;
				CLANG_WARN_NON_LITERAL_NULL_CONVERSION = YES;
				CLANG_WARN_OBJC_LITERAL_CONVERSION = YES;
				CLANG_WARN_OBJC_ROOT_CLASS = YES_ERROR;
				CLANG_WARN_RANGE_LOOP_ANALYSIS = YES;
				CLANG_WARN_STRICT_PROTOTYPES = YES;
				CLANG_WARN_SUSPICIOUS_MOVE = YES;
				CLANG_WARN_UNGUARDED_AVAILABILITY = YES_AGGRESSIVE;
				CLANG_WARN_UNREACHABLE_CODE = YES;
				CLANG_WARN__DUPLICATE_METHOD_MATCH = YES;
				CODE_SIGN_IDENTITY = "iPhone Developer";
				COPY_PHASE_STRIP = NO;
				DEBUG_INFORMATION_FORMAT = "dwarf-with-dsym";
				ENABLE_NS_ASSERTIONS = NO;
				ENABLE_STRICT_OBJC_MSGSEND = YES;
				GCC_C_LANGUAGE_STANDARD = gnu11;
				GCC_NO_COMMON_BLOCKS = YES;
				GCC_WARN_64_TO_32_BIT_CONVERSION = YES;
				GCC_WARN_ABOUT_RETURN_TYPE = YES_ERROR;
				GCC_WARN_UNDECLARED_SELECTOR = YES;
				GCC_WARN_UNINITIALIZED_AUTOS = YES_AGGRESSIVE;
				GCC_WARN_UNUSED_FUNCTION = YES;
				GCC_WARN_UNUSED_VARIABLE = YES;
				IPHONEOS_DEPLOYMENT_TARGET = 11.1;
				MTL_ENABLE_DEBUG_INFO = NO;
				SDKROOT = iphoneos;
				SWIFT_OPTIMIZATION_LEVEL = "-Owholemodule";
				VALIDATE_PRODUCT = YES;
			};
			name = Release;
		};
		9AD6DCD820B7C8C000BFB1DE /* Debug */ = {
			isa = XCBuildConfiguration;
			buildSettings = {
				ASSETCATALOG_COMPILER_APPICON_NAME = AppIcon;
				CODE_SIGN_STYLE = Automatic;
				DEVELOPMENT_TEAM = 3Y3Z2Z567H;
				INFOPLIST_FILE = CompxWidth/Info.plist;
				LD_RUNPATH_SEARCH_PATHS = "$(inherited) @executable_path/Frameworks";
				PRODUCT_BUNDLE_IDENTIFIER = "kr.ac.sogang-HyeleeLee.CompxWidth";
				PRODUCT_NAME = "$(TARGET_NAME)";
				SWIFT_VERSION = 4.0;
				TARGETED_DEVICE_FAMILY = "1,2";
			};
			name = Debug;
		};
		9AD6DCD920B7C8C000BFB1DE /* Release */ = {
			isa = XCBuildConfiguration;
			buildSettings = {
				ASSETCATALOG_COMPILER_APPICON_NAME = AppIcon;
				CODE_SIGN_STYLE = Automatic;
				DEVELOPMENT_TEAM = 3Y3Z2Z567H;
				INFOPLIST_FILE = CompxWidth/Info.plist;
				LD_RUNPATH_SEARCH_PATHS = "$(inherited) @executable_path/Frameworks";
				PRODUCT_BUNDLE_IDENTIFIER = "kr.ac.sogang-HyeleeLee.CompxWidth";
				PRODUCT_NAME = "$(TARGET_NAME)";
				SWIFT_VERSION = 4.0;
				TARGETED_DEVICE_FAMILY = "1,2";
			};
			name = Release;
		};
/* End XCBuildConfiguration section */

/* Begin XCConfigurationList section */
		9AD6DCC020B7C8C000BFB1DE /* Build configuration list for PBXProject "CompxWidth" */ = {
			isa = XCConfigurationList;
			buildConfigurations = (
				9AD6DCD520B7C8C000BFB1DE /* Debug */,
				9AD6DCD620B7C8C000BFB1DE /* Release */,
			);
			defaultConfigurationIsVisible = 0;
			defaultConfigurationName = Release;
		};
		9AD6DCD720B7C8C000BFB1DE /* Build configuration list for PBXNativeTarget "CompxWidth" */ = {
			isa = XCConfigurationList;
			buildConfigurations = (
				9AD6DCD820B7C8C000BFB1DE /* Debug */,
				9AD6DCD920B7C8C000BFB1DE /* Release */,
			);
			defaultConfigurationIsVisible = 0;
			defaultConfigurationName = Release;
		};
/* End XCConfigurationList section */
	};
	rootObject = 9AD6DCBD20B7C8C000BFB1DE /* Project object */;
}
